
Microsoft Visual Studio Solution File, Format Version 12.00
# Visual Studio 15
VisualStudioVersion = 15.0.28307.1758
MinimumVisualStudioVersion = 10.0.40219.1
Project("{FAE04EC0-301F-11D3-BF4B-00C04F79EFBC}") = "NLayeredCv.WebUI", "NLayeredCv.WebUI\NLayeredCv.WebUI.csproj", "{745B2121-9012-497D-9B96-2F055A650B0A}"
EndProject
Project("{FAE04EC0-301F-11D3-BF4B-00C04F79EFBC}") = "NLayeredCv.DataAccess", "NLayeredCv.DataAccess\NLayeredCv.DataAccess.csproj", "{B2F38BD7-7477-4FBE-B0EE-006441F62EB8}"
EndProject
Project("{FAE04EC0-301F-11D3-BF4B-00C04F79EFBC}") = "NLayeredCv.Business", "NLayeredCv.Business\NLayeredCv.Business.csproj", "{1EC9E9E7-F3E5-4511-A66C-BD389AD754CD}"
EndProject
Project("{FAE04EC0-301F-11D3-BF4B-00C04F79EFBC}") = "NLayeredCv.Entities", "NLayeredCv.Entities\NLayeredCv.Entities.csproj", "{DD1D0EB9-0C57-4D24-B1F4-041D7030DC19}"
EndProject
Global
	GlobalSection(SolutionConfigurationPlatforms) = preSolution
		Debug|Any CPU = Debug|Any CPU
		Release|Any CPU = Release|Any CPU
	EndGlobalSection
	GlobalSection(ProjectConfigurationPlatforms) = postSolution
		{745B2121-9012-497D-9B96-2F055A650B0A}.Debug|Any CPU.ActiveCfg = Debug|Any CPU
		{745B2121-9012-497D-9B96-2F055A650B0A}.Debug|Any CPU.Build.0 = Debug|Any CPU
		{745B2121-9012-497D-9B96-2F055A650B0A}.Release|Any CPU.ActiveCfg = Release|Any CPU
		{745B2121-9012-497D-9B96-2F055A650B0A}.Release|Any CPU.Build.0 = Release|Any CPU
		{B2F38BD7-7477-4FBE-B0EE-006441F62EB8}.Debug|Any CPU.ActiveCfg = Debug|Any CPU
		{B2F38BD7-7477-4FBE-B0EE-006441F62EB8}.Debug|Any CPU.Build.0 = Debug|Any CPU
		{B2F38BD7-7477-4FBE-B0EE-006441F62EB8}.Release|Any CPU.ActiveCfg = Release|Any CPU
		{B2F38BD7-7477-4FBE-B0EE-006441F62EB8}.Release|Any CPU.Build.0 = Release|Any CPU
		{1EC9E9E7-F3E5-4511-A66C-BD389AD754CD}.Debug|Any CPU.ActiveCfg = Debug|Any CPU
		{1EC9E9E7-F3E5-4511-A66C-BD389AD754CD}.Debug|Any CPU.Build.0 = Debug|Any CPU
		{1EC9E9E7-F3E5-4511-A66C-BD389AD754CD}.Release|Any CPU.ActiveCfg = Release|Any CPU
		{1EC9E9E7-F3E5-4511-A66C-BD389AD754CD}.Release|Any CPU.Build.0 = Release|Any CPU
		{DD1D0EB9-0C57-4D24-B1F4-041D7030DC19}.Debug|Any CPU.ActiveCfg = Debug|Any CPU
		{DD1D0EB9-0C57-4D24-B1F4-041D7030DC19}.Debug|Any CPU.Build.0 = Debug|Any CPU
		{DD1D0EB9-0C57-4D24-B1F4-041D7030DC19}.Release|Any CPU.ActiveCfg = Release|Any CPU
		{DD1D0EB9-0C57-4D24-B1F4-041D7030DC19}.Release|Any CPU.Build.0 = Release|Any CPU
	EndGlobalSection
	GlobalSection(SolutionProperties) = preSolution
		HideSolutionNode = FALSE
	EndGlobalSection
	GlobalSection(ExtensibilityGlobals) = postSolution
		SolutionGuid = {8E2F5BEB-206B-4DAE-817F-A691FE5146C5}
	EndGlobalSection
EndGlobal
